// !$*UTF8*$!
{
	archiveVersion = 1;
	classes = {
	};
	objectVersion = 46;
	objects = {
		DD7B4548719DBA0F33640A33 = {
			isa = PBXBuildFile;
			fileRef = 19C8B5ACD7BB933DCDFBEBE9;
		};
		30C94191529B302F0D017C9D = {
			isa = PBXBuildFile;
			fileRef = 2FFEC920681855018A5E3DC7;
		};
		FE079FF782E63D3C4534B680 = {
			isa = PBXBuildFile;
			fileRef = F049DA6EBBC036EC4A737281;
		};
		63816C7433A5F50F15C18724 = {
			isa = PBXBuildFile;
			fileRef = A38129F16D66F5455DCF0BD8;
		};
		8F0D4DBE904176FAB590898A = {
			isa = PBXBuildFile;
			fileRef = F0251D1A7807BD23F02BFF0F;
		};
		39E03C7A9526BD609FC01144 = {
			isa = PBXBuildFile;
			fileRef = C42AFEED22F6284E5AA0D9E5;
		};
		9256836EA0EAC7A9CDFC2A20 = {
			isa = PBXBuildFile;
			fileRef = 304BEFA4922BE7DD9A0D31CC;
		};
		E919B47CA31F9E1ECC5F5A92 = {
			isa = PBXBuildFile;
			fileRef = 15E595D8E486B74C28F1F99A;
		};
		139878F92DF5536DE6A25AEF = {
			isa = PBXBuildFile;
			fileRef = BAD4F9E82188DFFE7DB3955A;
		};
		8987A6C449C854F3A548C174 = {
			isa = PBXBuildFile;
			fileRef = 513FC629712F21C54A05CB04;
		};
		F4B86D8179FC51E562C1F5C3 = {
			isa = PBXBuildFile;
			fileRef = 752580F4863081D6B7A81823;
		};
		BCB394518F17CC81E43B4FC2 = {
			isa = PBXBuildFile;
			fileRef = 02EBCDA69D44A7341B38CC91;
		};
		5A4B971E3FD9BA7CA70B20C5 = {
			isa = PBXBuildFile;
			fileRef = ED4E8A55EC4E93887B363937;
		};
		3BCD52298DF0FC3A17E33413 = {
			isa = PBXBuildFile;
			fileRef = 0F1F81EA5FFBD852B30D3159;
		};
		C737BE43D4F79E05E988709C = {
			isa = PBXBuildFile;
			fileRef = BDACB03B3763109A4757D212;
		};
		6C77DB97B3769E6D02C48CDF = {
			isa = PBXBuildFile;
			fileRef = 8A7073B46657CF047B3F02A5;
		};
		18DD653E2F5810DBA8A17D23 = {
			isa = PBXBuildFile;
			fileRef = 429F01CF31A570B60D5369F5;
		};
		9526DF21CF7BD9571A240766 = {
			isa = PBXBuildFile;
			fileRef = 0947898ED6DB07DDBD8C05C8;
		};
		0C7B6DB5988740B4E2438041 = {
			isa = PBXBuildFile;
			fileRef = D846B65F7C85600A1AFAFABD;
		};
		557ADF81DF93543BC163F6D0 = {
			isa = PBXBuildFile;
			fileRef = 74F24E87DE3CB98C1045E4EC;
		};
		8B0FC50D62FEABC066463490 = {
			isa = PBXBuildFile;
			fileRef = 64075BB641E25C755A56A706;
		};
		6EFFA08DC6505A8FD590502D = {
			isa = PBXBuildFile;
			fileRef = 57E15BBB9ECA79CB3E3D2339;
		};
		7DD733B897008DEEA9C15E8F = {
			isa = PBXBuildFile;
			fileRef = A47195869E806DDB5961C797;
		};
		892EC68F4A163226ABE13E56 = {
			isa = PBXBuildFile;
			fileRef = 79512B98311C03619237BEA6;
		};
		570320F777C03B83419C00EC = {
			isa = PBXBuildFile;
			fileRef = 36D67E517DF4E852F6990B8B;
		};
		513CEA3717257BB190716980 = {
			isa = PBXBuildFile;
			fileRef = BFCAED4A527757D9EF186F33;
		};
		C69A72C3BDEDBB974569DC3E = {
			isa = PBXBuildFile;
			fileRef = 402937D4DFEE434E5220F69F;
		};
		6BB9896DD58802AE4B4E635D = {
			isa = PBXBuildFile;
			fileRef = D87E7E51BE9CFC603F1AA9BD;
		};
		5528F48CF547D08885CF94CA = {
			isa = PBXBuildFile;
			fileRef = 2D685849B14374CA62E73174;
		};
		3CF963F88DF3EC0E1D08AF27 = {
			isa = PBXBuildFile;
			fileRef = 28BE505F0C79437C0A606E4F;
		};
		E77A5B35ECDB764D85DFA2E4 = {
			isa = PBXBuildFile;
			fileRef = 45150EE02857B7BD2D097766;
		};
		BAACB75E1301D88F598D592E = {
			isa = PBXBuildFile;
			fileRef = 70475EF1545A29155A0652F4;
		};
		4AB314A96D6EF15C4E93291E = {
			isa = PBXBuildFile;
			fileRef = 0DED5D248CF40A62D1F43CD1;
		};
		A824DE6E572EB8B98AE57A09 = {
			isa = PBXBuildFile;
			fileRef = FF8ABEFB0A9B6EC391630379;
		};
		B635388E6F4F15E6CAA8F4E9 = {
			isa = PBXBuildFile;
			fileRef = A7F26528865F276D27A669ED;
		};
		1F6F5EF6DF785A48139B701B = {
			isa = PBXBuildFile;
			fileRef = A42F7AA0F8E64DC640310AC0;
		};
		C9B44E05EE3301C6A8F6ECA2 = {
			isa = PBXBuildFile;
			fileRef = 75130F6DBF84EB7B5E315EFF;
		};
		D78B508EB4DCA09B5D39E460 = {
			isa = PBXBuildFile;
			fileRef = 716C70B8B7168C1667DC6822;
		};
		CFC1E61BE330626A10FE4F7E = {
			isa = PBXBuildFile;
			fileRef = 10F1AE26DD30BDFE86E1B4A2;
		};
		BC4FF3151081B1C7C4BAD463 = {
			isa = PBXBuildFile;
			fileRef = 5260AC50CEC5B457CB6753EF;
		};
		A789787BDDAB41A40BC7FD68 = {
			isa = PBXBuildFile;
			fileRef = 0516ACC638C69C2AB7314BAE;
		};
		02EBCDA69D44A7341B38CC91 = {
			isa = PBXFileReference;
			lastKnownFileType = wrapper.framework;
			name = CoreMIDI.framework;
			path = System/Library/Frameworks/CoreMIDI.framework;
			sourceTree = SDKROOT;
		};
		0516ACC638C69C2AB7314BAE = {
			isa = PBXFileReference;
			lastKnownFileType = sourcecode.cpp.objcpp;
			name = "include_juce_opengl.mm";
			path = "../../JuceLibraryCode/include_juce_opengl.mm";
			sourceTree = "SOURCE_ROOT";
		};
		0947898ED6DB07DDBD8C05C8 = {
			isa = PBXFileReference;
			lastKnownFileType = wrapper.framework;
			name = WebKit.framework;
			path = System/Library/Frameworks/WebKit.framework;
			sourceTree = SDKROOT;
		};
		0B5CDE4A3400162BE126484E = {
			isa = PBXFileReference;
			lastKnownFileType = file;
			name = "juce_data_structures";
			path = "/Applications/JUCE/modules/juce_data_structures";
			sourceTree = "<absolute>";
		};
		0D8B8D6BB22D106F24794538 = {
			isa = PBXFileReference;
			lastKnownFileType = sourcecode.c.h;
			name = "RosenAlphaLookAndFeel_V1.h";
			path = "../../Source/RosenAlphaLookAndFeel_V1.h";
			sourceTree = "SOURCE_ROOT";
		};
		0DED5D248CF40A62D1F43CD1 = {
			isa = PBXFileReference;
			lastKnownFileType = sourcecode.cpp.objcpp;
			name = "include_juce_audio_utils.mm";
			path = "../../JuceLibraryCode/include_juce_audio_utils.mm";
			sourceTree = "SOURCE_ROOT";
		};
		0F1F81EA5FFBD852B30D3159 = {
			isa = PBXFileReference;
			lastKnownFileType = wrapper.framework;
			name = Foundation.framework;
			path = System/Library/Frameworks/Foundation.framework;
			sourceTree = SDKROOT;
		};
		0F6AFA83E129935BD8A65E06 = {
			isa = PBXFileReference;
			lastKnownFileType = file;
			name = "juce_audio_basics";
			path = "/Applications/JUCE/modules/juce_audio_basics";
			sourceTree = "<absolute>";
		};
		10F1AE26DD30BDFE86E1B4A2 = {
			isa = PBXFileReference;
			lastKnownFileType = sourcecode.cpp.objcpp;
			name = "include_juce_gui_basics.mm";
			path = "../../JuceLibraryCode/include_juce_gui_basics.mm";
			sourceTree = "SOURCE_ROOT";
		};
		15E595D8E486B74C28F1F99A = {
			isa = PBXFileReference;
			lastKnownFileType = wrapper.framework;
			name = Carbon.framework;
			path = System/Library/Frameworks/Carbon.framework;
			sourceTree = SDKROOT;
		};
		1681FF6085CADCEB1934743C = {
			isa = PBXFileReference;
			lastKnownFileType = sourcecode.c.h;
			name = Biquad.h;
			path = ../../Source/Biquad.h;
			sourceTree = "SOURCE_ROOT";
		};
		19C8B5ACD7BB933DCDFBEBE9 = {
			isa = PBXFileReference;
			explicitFileType = wrapper.cfbundle;
			includeInIndex = 0;
			path = Butterworth.vst3;
			sourceTree = "BUILT_PRODUCTS_DIR";
		};
		1E4958DB7F522AD7588A530E = {
			isa = PBXFileReference;
			lastKnownFileType = text.plist.xml;
			name = "Info-VST3.plist";
			path = "Info-VST3.plist";
			sourceTree = "SOURCE_ROOT";
		};
		28BE505F0C79437C0A606E4F = {
			isa = PBXFileReference;
			lastKnownFileType = sourcecode.cpp.objcpp;
			name = "include_juce_audio_plugin_client_VST_utils.mm";
			path = "../../JuceLibraryCode/include_juce_audio_plugin_client_VST_utils.mm";
			sourceTree = "SOURCE_ROOT";
		};
		2BA4757318D865AD72CA677E = {
			isa = PBXFileReference;
			lastKnownFileType = sourcecode.c.h;
			name = Cascade.h;
			path = ../../Source/Cascade.h;
			sourceTree = "SOURCE_ROOT";
		};
		2C357F6C1266AF7B54DDC1D9 = {
			isa = PBXFileReference;
			lastKnownFileType = file;
			name = "juce_audio_processors";
			path = "/Applications/JUCE/modules/juce_audio_processors";
			sourceTree = "<absolute>";
		};
		2D685849B14374CA62E73174 = {
			isa = PBXFileReference;
			lastKnownFileType = sourcecode.cpp.cpp;
			name = "include_juce_audio_plugin_client_utils.cpp";
			path = "../../JuceLibraryCode/include_juce_audio_plugin_client_utils.cpp";
			sourceTree = "SOURCE_ROOT";
		};
		2FFEC920681855018A5E3DC7 = {
			isa = PBXFileReference;
			explicitFileType = wrapper.cfbundle;
			includeInIndex = 0;
			path = Butterworth.component;
			sourceTree = "BUILT_PRODUCTS_DIR";
		};
		304BEFA4922BE7DD9A0D31CC = {
			isa = PBXFileReference;
			lastKnownFileType = wrapper.framework;
			name = AudioToolbox.framework;
			path = System/Library/Frameworks/AudioToolbox.framework;
			sourceTree = SDKROOT;
		};
		3066C359D9490A3D1E57ED80 = {
			isa = PBXFileReference;
			lastKnownFileType = file;
			name = "juce_audio_plugin_client";
			path = "/Applications/JUCE/modules/juce_audio_plugin_client";
			sourceTree = "<absolute>";
		};
		367C37E5B6CF3BBD8C909FAD = {
			isa = PBXFileReference;
			lastKnownFileType = file;
			name = "juce_events";
			path = "/Applications/JUCE/modules/juce_events";
			sourceTree = "<absolute>";
		};
		36D67E517DF4E852F6990B8B = {
			isa = PBXFileReference;
			lastKnownFileType = file.r;
			name = "include_juce_audio_plugin_client_AU.r";
			path = "../../JuceLibraryCode/include_juce_audio_plugin_client_AU.r";
			sourceTree = "SOURCE_ROOT";
		};
		3B03F249569CAFFD5ACA25EE = {
			isa = PBXFileReference;
			lastKnownFileType = file;
			name = "juce_gui_basics";
			path = "/Applications/JUCE/modules/juce_gui_basics";
			sourceTree = "<absolute>";
		};
		3B130348FB0B0381734A25DB = {
			isa = PBXFileReference;
			lastKnownFileType = file;
			name = "juce_audio_utils";
			path = "/Applications/JUCE/modules/juce_audio_utils";
			sourceTree = "<absolute>";
		};
		402937D4DFEE434E5220F69F = {
			isa = PBXFileReference;
			lastKnownFileType = sourcecode.cpp.objcpp;
			name = "include_juce_audio_plugin_client_AU_2.mm";
			path = "../../JuceLibraryCode/include_juce_audio_plugin_client_AU_2.mm";
			sourceTree = "SOURCE_ROOT";
		};
		429F01CF31A570B60D5369F5 = {
			isa = PBXFileReference;
			lastKnownFileType = wrapper.framework;
			name = QuartzCore.framework;
			path = System/Library/Frameworks/QuartzCore.framework;
			sourceTree = SDKROOT;
		};
		45150EE02857B7BD2D097766 = {
			isa = PBXFileReference;
			lastKnownFileType = sourcecode.cpp.cpp;
			name = "include_juce_audio_plugin_client_VST3.cpp";
			path = "../../JuceLibraryCode/include_juce_audio_plugin_client_VST3.cpp";
			sourceTree = "SOURCE_ROOT";
		};
		5015B584A8E41216070C6E27 = {
			isa = PBXFileReference;
			lastKnownFileType = sourcecode.c.h;
			name = PluginEditor.h;
			path = ../../Source/PluginEditor.h;
			sourceTree = "SOURCE_ROOT";
		};
		513FC629712F21C54A05CB04 = {
			isa = PBXFileReference;
			lastKnownFileType = wrapper.framework;
			name = CoreAudio.framework;
			path = System/Library/Frameworks/CoreAudio.framework;
			sourceTree = SDKROOT;
		};
		5260AC50CEC5B457CB6753EF = {
			isa = PBXFileReference;
			lastKnownFileType = sourcecode.cpp.objcpp;
			name = "include_juce_gui_extra.mm";
			path = "../../JuceLibraryCode/include_juce_gui_extra.mm";
			sourceTree = "SOURCE_ROOT";
		};
		57E15BBB9ECA79CB3E3D2339 = {
			isa = PBXFileReference;
			lastKnownFileType = sourcecode.cpp.objcpp;
			name = "include_juce_audio_basics.mm";
			path = "../../JuceLibraryCode/include_juce_audio_basics.mm";
			sourceTree = "SOURCE_ROOT";
		};
		617D5679777242FCDA3B3C1E = {
			isa = PBXFileReference;
			lastKnownFileType = file;
			name = "juce_opengl";
			path = "/Applications/JUCE/modules/juce_opengl";
			sourceTree = "<absolute>";
		};
		61B9B5472ABDF7FF5016D7D0 = {
			isa = PBXFileReference;
			lastKnownFileType = file;
			name = "juce_graphics";
			path = "/Applications/JUCE/modules/juce_graphics";
			sourceTree = "<absolute>";
		};
		64075BB641E25C755A56A706 = {
			isa = PBXFileReference;
			lastKnownFileType = sourcecode.cpp.cpp;
			name = PluginEditor.cpp;
			path = ../../Source/PluginEditor.cpp;
			sourceTree = "SOURCE_ROOT";
		};
		6C356241DDAF651B87835317 = {
			isa = PBXFileReference;
			lastKnownFileType = file;
			name = "juce_cryptography";
			path = "/Applications/JUCE/modules/juce_cryptography";
			sourceTree = "<absolute>";
		};
		70475EF1545A29155A0652F4 = {
			isa = PBXFileReference;
			lastKnownFileType = sourcecode.cpp.objcpp;
			name = "include_juce_audio_processors.mm";
			path = "../../JuceLibraryCode/include_juce_audio_processors.mm";
			sourceTree = "SOURCE_ROOT";
		};
		716C70B8B7168C1667DC6822 = {
			isa = PBXFileReference;
			lastKnownFileType = sourcecode.cpp.objcpp;
			name = "include_juce_graphics.mm";
			path = "../../JuceLibraryCode/include_juce_graphics.mm";
			sourceTree = "SOURCE_ROOT";
		};
		744CE70BEB01519F9178F2D1 = {
			isa = PBXFileReference;
			lastKnownFileType = text.plist.xml;
			name = "Info-Standalone_Plugin.plist";
			path = "Info-Standalone_Plugin.plist";
			sourceTree = "SOURCE_ROOT";
		};
		74F24E87DE3CB98C1045E4EC = {
			isa = PBXFileReference;
			lastKnownFileType = sourcecode.cpp.cpp;
			name = PluginProcessor.cpp;
			path = ../../Source/PluginProcessor.cpp;
			sourceTree = "SOURCE_ROOT";
		};
		75130F6DBF84EB7B5E315EFF = {
			isa = PBXFileReference;
			lastKnownFileType = sourcecode.cpp.objcpp;
			name = "include_juce_events.mm";
			path = "../../JuceLibraryCode/include_juce_events.mm";
			sourceTree = "SOURCE_ROOT";
		};
		752580F4863081D6B7A81823 = {
			isa = PBXFileReference;
			lastKnownFileType = wrapper.framework;
			name = CoreAudioKit.framework;
			path = System/Library/Frameworks/CoreAudioKit.framework;
			sourceTree = SDKROOT;
		};
		75552A84890990FE10F842E1 = {
			isa = PBXFileReference;
			lastKnownFileType = file;
			name = "juce_core";
			path = "/Applications/JUCE/modules/juce_core";
			sourceTree = "<absolute>";
		};
		7847365B177C91DF4808C5AA = {
			isa = PBXFileReference;
			lastKnownFileType = sourcecode.c.h;
			name = JuceHeader.h;
			path = ../../JuceLibraryCode/JuceHeader.h;
			sourceTree = "SOURCE_ROOT";
		};
		79512B98311C03619237BEA6 = {
			isa = PBXFileReference;
			lastKnownFileType = sourcecode.cpp.objcpp;
			name = "include_juce_audio_formats.mm";
			path = "../../JuceLibraryCode/include_juce_audio_formats.mm";
			sourceTree = "SOURCE_ROOT";
		};
		8A7073B46657CF047B3F02A5 = {
			isa = PBXFileReference;
			lastKnownFileType = wrapper.framework;
			name = OpenGL.framework;
			path = System/Library/Frameworks/OpenGL.framework;
			sourceTree = SDKROOT;
		};
		9FBD36070A46D6FF7AC18551 = {
			isa = PBXFileReference;
			lastKnownFileType = sourcecode.c.h;
			name = JucePluginDefines.h;
			path = ../../JuceLibraryCode/JucePluginDefines.h;
			sourceTree = "SOURCE_ROOT";
		};
		A42F7AA0F8E64DC640310AC0 = {
			isa = PBXFileReference;
			lastKnownFileType = sourcecode.cpp.objcpp;
			name = "include_juce_data_structures.mm";
			path = "../../JuceLibraryCode/include_juce_data_structures.mm";
			sourceTree = "SOURCE_ROOT";
		};
		A47195869E806DDB5961C797 = {
			isa = PBXFileReference;
			lastKnownFileType = sourcecode.cpp.objcpp;
			name = "include_juce_audio_devices.mm";
			path = "../../JuceLibraryCode/include_juce_audio_devices.mm";
			sourceTree = "SOURCE_ROOT";
		};
		A7F26528865F276D27A669ED = {
			isa = PBXFileReference;
			lastKnownFileType = sourcecode.cpp.objcpp;
			name = "include_juce_cryptography.mm";
			path = "../../JuceLibraryCode/include_juce_cryptography.mm";
			sourceTree = "SOURCE_ROOT";
		};
		AFB6A9B24BE885E58B7DBCA1 = {
			isa = PBXFileReference;
			lastKnownFileType = file;
			name = "juce_gui_extra";
			path = "/Applications/JUCE/modules/juce_gui_extra";
			sourceTree = "<absolute>";
		};
		BAD4F9E82188DFFE7DB3955A = {
			isa = PBXFileReference;
			lastKnownFileType = wrapper.framework;
			name = Cocoa.framework;
			path = System/Library/Frameworks/Cocoa.framework;
			sourceTree = SDKROOT;
		};
		BDACB03B3763109A4757D212 = {
			isa = PBXFileReference;
			lastKnownFileType = wrapper.framework;
			name = IOKit.framework;
			path = System/Library/Frameworks/IOKit.framework;
			sourceTree = SDKROOT;
		};
		BFCAED4A527757D9EF186F33 = {
			isa = PBXFileReference;
			lastKnownFileType = sourcecode.cpp.objcpp;
			name = "include_juce_audio_plugin_client_AU_1.mm";
			path = "../../JuceLibraryCode/include_juce_audio_plugin_client_AU_1.mm";
			sourceTree = "SOURCE_ROOT";
		};
		C42AFEED22F6284E5AA0D9E5 = {
			isa = PBXFileReference;
			lastKnownFileType = wrapper.framework;
			name = Accelerate.framework;
			path = System/Library/Frameworks/Accelerate.framework;
			sourceTree = SDKROOT;
		};
		CE71ECEC06906AC0D68CF5B6 = {
			isa = PBXFileReference;
			lastKnownFileType = file;
			name = "juce_audio_formats";
			path = "/Applications/JUCE/modules/juce_audio_formats";
			sourceTree = "<absolute>";
		};
		D846B65F7C85600A1AFAFABD = {
			isa = PBXFileReference;
			lastKnownFileType = file.nib;
			name = RecentFilesMenuTemplate.nib;
			path = RecentFilesMenuTemplate.nib;
			sourceTree = "SOURCE_ROOT";
		};
		D87E7E51BE9CFC603F1AA9BD = {
			isa = PBXFileReference;
			lastKnownFileType = sourcecode.cpp.cpp;
			name = "include_juce_audio_plugin_client_Standalone.cpp";
			path = "../../JuceLibraryCode/include_juce_audio_plugin_client_Standalone.cpp";
			sourceTree = "SOURCE_ROOT";
		};
		D8BB843B20F87F97B1D06658 = {
			isa = PBXFileReference;
			lastKnownFileType = sourcecode.c.h;
			name = AppConfig.h;
			path = ../../JuceLibraryCode/AppConfig.h;
			sourceTree = "SOURCE_ROOT";
		};
		DC22F786AD8527EEABF3862A = {
			isa = PBXFileReference;
			lastKnownFileType = sourcecode.c.h;
			name = Butterworth.h;
			path = ../../Source/Butterworth.h;
			sourceTree = "SOURCE_ROOT";
		};
		ED4E8A55EC4E93887B363937 = {
			isa = PBXFileReference;
			lastKnownFileType = wrapper.framework;
			name = DiscRecording.framework;
			path = System/Library/Frameworks/DiscRecording.framework;
			sourceTree = SDKROOT;
		};
		EDE894D69A94F312780E62D8 = {
			isa = PBXFileReference;
			lastKnownFileType = sourcecode.c.h;
			name = PluginProcessor.h;
			path = ../../Source/PluginProcessor.h;
			sourceTree = "SOURCE_ROOT";
		};
		F0251D1A7807BD23F02BFF0F = {
			isa = PBXFileReference;
			lastKnownFileType = wrapper.framework;
			name = AudioUnit.framework;
			path = System/Library/Frameworks/AudioUnit.framework;
			sourceTree = SDKROOT;
		};
		F049DA6EBBC036EC4A737281 = {
			isa = PBXFileReference;
			explicitFileType = wrapper.application;
			includeInIndex = 0;
			path = Butterworth.app;
			sourceTree = "BUILT_PRODUCTS_DIR";
		};
		A38129F16D66F5455DCF0BD8 = {
			isa = PBXFileReference;
			explicitFileType = archive.ar;
			includeInIndex = 0;
			path = libButterworth.a;
			sourceTree = "BUILT_PRODUCTS_DIR";
		};
		F58CD1CD4813CE4AE65298E9 = {
			isa = PBXFileReference;
			lastKnownFileType = file;
			name = "juce_audio_devices";
			path = "/Applications/JUCE/modules/juce_audio_devices";
			sourceTree = "<absolute>";
		};
		F930CEEEF0034918F446B9EA = {
			isa = PBXFileReference;
			lastKnownFileType = text.plist.xml;
			name = "Info-AU.plist";
			path = "Info-AU.plist";
			sourceTree = "SOURCE_ROOT";
		};
		FF8ABEFB0A9B6EC391630379 = {
			isa = PBXFileReference;
			lastKnownFileType = sourcecode.cpp.objcpp;
			name = "include_juce_core.mm";
			path = "../../JuceLibraryCode/include_juce_core.mm";
			sourceTree = "SOURCE_ROOT";
		};
		C8C713BFB6A7FEE78C9381C7 = {
			isa = PBXGroup;
			children = (
				0D8B8D6BB22D106F24794538,
				74F24E87DE3CB98C1045E4EC,
				EDE894D69A94F312780E62D8,
				64075BB641E25C755A56A706,
				5015B584A8E41216070C6E27,
				2BA4757318D865AD72CA677E,
				DC22F786AD8527EEABF3862A,
				1681FF6085CADCEB1934743C,
			);
			name = Source;
			sourceTree = "<group>";
		};
		BFFF851639BBB522C8CA92A2 = {
			isa = PBXGroup;
			children = (
				C8C713BFB6A7FEE78C9381C7,
			);
			name = Butterworth;
			sourceTree = "<group>";
		};
		9F646D0DEEE121B16D65F370 = {
			isa = PBXGroup;
			children = (
				0F6AFA83E129935BD8A65E06,
				F58CD1CD4813CE4AE65298E9,
				CE71ECEC06906AC0D68CF5B6,
				3066C359D9490A3D1E57ED80,
				2C357F6C1266AF7B54DDC1D9,
				3B130348FB0B0381734A25DB,
				75552A84890990FE10F842E1,
				6C356241DDAF651B87835317,
				0B5CDE4A3400162BE126484E,
				367C37E5B6CF3BBD8C909FAD,
				61B9B5472ABDF7FF5016D7D0,
				3B03F249569CAFFD5ACA25EE,
				AFB6A9B24BE885E58B7DBCA1,
				617D5679777242FCDA3B3C1E,
			);
			name = "JUCE Modules";
			sourceTree = "<group>";
		};
		C4BA9B5B8EA2ED265CA57556 = {
			isa = PBXGroup;
			children = (
				D8BB843B20F87F97B1D06658,
				57E15BBB9ECA79CB3E3D2339,
				A47195869E806DDB5961C797,
				79512B98311C03619237BEA6,
				36D67E517DF4E852F6990B8B,
				BFCAED4A527757D9EF186F33,
				402937D4DFEE434E5220F69F,
				D87E7E51BE9CFC603F1AA9BD,
				2D685849B14374CA62E73174,
				28BE505F0C79437C0A606E4F,
				45150EE02857B7BD2D097766,
				70475EF1545A29155A0652F4,
				0DED5D248CF40A62D1F43CD1,
				FF8ABEFB0A9B6EC391630379,
				A7F26528865F276D27A669ED,
				A42F7AA0F8E64DC640310AC0,
				75130F6DBF84EB7B5E315EFF,
				716C70B8B7168C1667DC6822,
				10F1AE26DD30BDFE86E1B4A2,
				5260AC50CEC5B457CB6753EF,
				0516ACC638C69C2AB7314BAE,
				7847365B177C91DF4808C5AA,
				9FBD36070A46D6FF7AC18551,
			);
			name = "JUCE Library Code";
			sourceTree = "<group>";
		};
		7284DED7D1FE726A6383C284 = {
			isa = PBXGroup;
			children = (
				1E4958DB7F522AD7588A530E,
				F930CEEEF0034918F446B9EA,
				744CE70BEB01519F9178F2D1,
				D846B65F7C85600A1AFAFABD,
			);
			name = Resources;
			sourceTree = "<group>";
		};
		294FDBFF2C8EB2EF6037C614 = {
			isa = PBXGroup;
			children = (
				F0251D1A7807BD23F02BFF0F,
				C42AFEED22F6284E5AA0D9E5,
				304BEFA4922BE7DD9A0D31CC,
				15E595D8E486B74C28F1F99A,
				BAD4F9E82188DFFE7DB3955A,
				513FC629712F21C54A05CB04,
				752580F4863081D6B7A81823,
				02EBCDA69D44A7341B38CC91,
				ED4E8A55EC4E93887B363937,
				0F1F81EA5FFBD852B30D3159,
				BDACB03B3763109A4757D212,
				8A7073B46657CF047B3F02A5,
				429F01CF31A570B60D5369F5,
				0947898ED6DB07DDBD8C05C8,
			);
			name = Frameworks;
			sourceTree = "<group>";
		};
		2A7A9385D7BF2878EA4D1F3A = {
			isa = PBXGroup;
			children = (
				19C8B5ACD7BB933DCDFBEBE9,
				2FFEC920681855018A5E3DC7,
				F049DA6EBBC036EC4A737281,
				A38129F16D66F5455DCF0BD8,
			);
			name = Products;
			sourceTree = "<group>";
		};
		11D0BDB71E546C08C900E83D = {
			isa = PBXGroup;
			children = (
				BFFF851639BBB522C8CA92A2,
				9F646D0DEEE121B16D65F370,
				C4BA9B5B8EA2ED265CA57556,
				7284DED7D1FE726A6383C284,
				294FDBFF2C8EB2EF6037C614,
				2A7A9385D7BF2878EA4D1F3A,
			);
			name = Source;
			sourceTree = "<group>";
		};
		F97D064237B2C01D9C404586 = {
			isa = PBXTargetDependency;
			target = 40571EE19E3F8467E5656FED;
		};
		DA2D9F9BCC9720586F6FD4AB = {
			isa = PBXTargetDependency;
			target = 8FD8B4854932D140FB1C1195;
		};
		B9648234D19EF2F047708CA4 = {
			isa = PBXTargetDependency;
			target = 39455A4573723BFC7DDD9576;
		};
		3420253FEAD75F2943D4C06B = {
			isa = PBXTargetDependency;
			target = BF48A4060E3708B695A37FCF;
		};
		6ECF76C4350596684414128A = {
			isa = PBXTargetDependency;
			target = BF48A4060E3708B695A37FCF;
		};
		EED5D0CC69A16BBE2926FDFC = {
			isa = PBXTargetDependency;
			target = BF48A4060E3708B695A37FCF;
		};
		D66EE2D521DBE47372798480 = {
			isa = PBXTargetDependency;
			target = BF48A4060E3708B695A37FCF;
		};
		7514A27D0303FB6DF6C33A95 = {
			isa = XCBuildConfiguration;
			buildSettings = {
				MACOSX_DEPLOYMENT_TARGET = 10.11;
				SDKROOT = macosx;
			};
			name = Debug;
		};
		F4CA8B8FA073E219B670E472 = {
			isa = XCBuildConfiguration;
			buildSettings = {
				MACOSX_DEPLOYMENT_TARGET = 10.11;
				SDKROOT = macosx;
			};
			name = Release;
		};
		9A19FD23DDA1CBC750539C3C = {
			isa = XCBuildConfiguration;
			buildSettings = {
				CLANG_CXX_LANGUAGE_STANDARD = "c++14";
				CLANG_CXX_LIBRARY = "libc++";
				CLANG_LINK_OBJC_RUNTIME = NO;
				CODE_SIGN_IDENTITY = "";
				COMBINE_HIDPI_IMAGES = YES;
				CONFIGURATION_BUILD_DIR = "$(PROJECT_DIR)/build/$(CONFIGURATION)";
				COPY_PHASE_STRIP = NO;
				DEPLOYMENT_LOCATION = YES;
				DSTROOT = /;
				GCC_DYNAMIC_NO_PIC = NO;
				GCC_OPTIMIZATION_LEVEL = 0;
				GCC_PREPROCESSOR_DEFINITIONS = (
					"_DEBUG=1",
					"DEBUG=1",
					"JUCER_XCODE_MAC_F6D2F4CF=1",
					"JUCE_APP_VERSION=1.0.0",
					"JUCE_APP_VERSION_HEX=0x10000",
					"JucePlugin_Build_VST=0",
					"JucePlugin_Build_VST3=1",
					"JucePlugin_Build_AU=0",
					"JucePlugin_Build_AUv3=0",
					"JucePlugin_Build_RTAS=0",
					"JucePlugin_Build_AAX=0",
					"JucePlugin_Build_Standalone=0",
					"JucePlugin_Build_Unity=0",
				);
				GCC_VERSION = com.apple.compilers.llvm.clang.1_0;
				GENERATE_PKGINFO_FILE = YES;
				HEADER_SEARCH_PATHS = (
					"/Applications/JUCE/modules/juce_audio_processors/format_types/VST3_SDK",
					"../../JuceLibraryCode",
					"/Applications/JUCE/modules",
					"/Applications/JUCE/modules/juce_audio_plugin_client",
					"$(inherited)",
				);
				INFOPLIST_FILE = Info-VST3.plist;
				INFOPLIST_PREPROCESS = NO;
				INSTALL_PATH = "$(HOME)/Library/Audio/Plug-Ins/VST3/";
				LIBRARY_STYLE = Bundle;
				MACOSX_DEPLOYMENT_TARGET = 10.11;
				MTL_HEADER_SEARCH_PATHS = (
					"/Applications/JUCE/modules/juce_audio_processors/format_types/VST3_SDK",
					"../../JuceLibraryCode",
					"/Applications/JUCE/modules",
					"/Applications/JUCE/modules/juce_audio_plugin_client",
				);
				OTHER_LDFLAGS = "-bundle -lButterworth";
				PRODUCT_BUNDLE_IDENTIFIER = com.yourcompany.Butterworth;
				PRODUCT_NAME = "Butterworth";
				USE_HEADERMAP = NO;
				VALID_ARCHS = "i386 x86_64 arm64 arm64e";
				WRAPPER_EXTENSION = vst3;
			};
			name = Debug;
		};
		BF764AFCE14BBF7BB81BE672 = {
			isa = XCBuildConfiguration;
			buildSettings = {
				CLANG_CXX_LANGUAGE_STANDARD = "c++14";
				CLANG_CXX_LIBRARY = "libc++";
				CLANG_LINK_OBJC_RUNTIME = NO;
				CODE_SIGN_IDENTITY = "";
				COMBINE_HIDPI_IMAGES = YES;
				CONFIGURATION_BUILD_DIR = "$(PROJECT_DIR)/build/$(CONFIGURATION)";
				DEAD_CODE_STRIPPING = YES;
				DEPLOYMENT_LOCATION = YES;
				DSTROOT = /;
				GCC_GENERATE_DEBUGGING_SYMBOLS = NO;
				GCC_OPTIMIZATION_LEVEL = 3;
				GCC_PREPROCESSOR_DEFINITIONS = (
					"_NDEBUG=1",
					"NDEBUG=1",
					"JUCER_XCODE_MAC_F6D2F4CF=1",
					"JUCE_APP_VERSION=1.0.0",
					"JUCE_APP_VERSION_HEX=0x10000",
					"JucePlugin_Build_VST=0",
					"JucePlugin_Build_VST3=1",
					"JucePlugin_Build_AU=0",
					"JucePlugin_Build_AUv3=0",
					"JucePlugin_Build_RTAS=0",
					"JucePlugin_Build_AAX=0",
					"JucePlugin_Build_Standalone=0",
					"JucePlugin_Build_Unity=0",
				);
				GCC_VERSION = com.apple.compilers.llvm.clang.1_0;
				GENERATE_PKGINFO_FILE = YES;
				HEADER_SEARCH_PATHS = (
					"/Applications/JUCE/modules/juce_audio_processors/format_types/VST3_SDK",
					"../../JuceLibraryCode",
					"/Applications/JUCE/modules",
					"/Applications/JUCE/modules/juce_audio_plugin_client",
					"$(inherited)",
				);
				INFOPLIST_FILE = Info-VST3.plist;
				INFOPLIST_PREPROCESS = NO;
				INSTALL_PATH = "$(HOME)/Library/Audio/Plug-Ins/VST3/";
				LIBRARY_STYLE = Bundle;
				LLVM_LTO = YES;
				MACOSX_DEPLOYMENT_TARGET = 10.11;
				MTL_HEADER_SEARCH_PATHS = (
					"/Applications/JUCE/modules/juce_audio_processors/format_types/VST3_SDK",
					"../../JuceLibraryCode",
					"/Applications/JUCE/modules",
					"/Applications/JUCE/modules/juce_audio_plugin_client",
				);
				OTHER_LDFLAGS = "-bundle -lButterworth";
				PRODUCT_BUNDLE_IDENTIFIER = com.yourcompany.Butterworth;
				PRODUCT_NAME = "Butterworth";
				USE_HEADERMAP = NO;
				VALID_ARCHS = "i386 x86_64 arm64 arm64e";
				WRAPPER_EXTENSION = vst3;
			};
			name = Release;
		};
		B4E8E084F38634DBB1E08B24 = {
			isa = XCBuildConfiguration;
			buildSettings = {
				CLANG_CXX_LANGUAGE_STANDARD = "c++14";
				CLANG_CXX_LIBRARY = "libc++";
				CLANG_LINK_OBJC_RUNTIME = NO;
				CODE_SIGN_IDENTITY = "";
				COMBINE_HIDPI_IMAGES = YES;
				CONFIGURATION_BUILD_DIR = "$(PROJECT_DIR)/build/$(CONFIGURATION)";
				COPY_PHASE_STRIP = NO;
				DEPLOYMENT_LOCATION = YES;
				DSTROOT = /;
				GCC_DYNAMIC_NO_PIC = NO;
				GCC_OPTIMIZATION_LEVEL = 0;
				GCC_PREPROCESSOR_DEFINITIONS = (
					"_DEBUG=1",
					"DEBUG=1",
					"JUCER_XCODE_MAC_F6D2F4CF=1",
					"JUCE_APP_VERSION=1.0.0",
					"JUCE_APP_VERSION_HEX=0x10000",
					"JucePlugin_Build_VST=0",
					"JucePlugin_Build_VST3=0",
					"JucePlugin_Build_AU=1",
					"JucePlugin_Build_AUv3=0",
					"JucePlugin_Build_RTAS=0",
					"JucePlugin_Build_AAX=0",
					"JucePlugin_Build_Standalone=0",
					"JucePlugin_Build_Unity=0",
				);
				GCC_VERSION = com.apple.compilers.llvm.clang.1_0;
				GENERATE_PKGINFO_FILE = YES;
				HEADER_SEARCH_PATHS = (
					"/Applications/JUCE/modules/juce_audio_processors/format_types/VST3_SDK",
					"../../JuceLibraryCode",
					"/Applications/JUCE/modules",
					"/Applications/JUCE/modules/juce_audio_plugin_client",
					"$(inherited)",
				);
				INFOPLIST_FILE = Info-AU.plist;
				INFOPLIST_PREPROCESS = NO;
				INSTALL_PATH = "$(HOME)/Library/Audio/Plug-Ins/Components/";
				LIBRARY_STYLE = Bundle;
				MACOSX_DEPLOYMENT_TARGET = 10.11;
				MTL_HEADER_SEARCH_PATHS = (
					"/Applications/JUCE/modules/juce_audio_processors/format_types/VST3_SDK",
					"../../JuceLibraryCode",
					"/Applications/JUCE/modules",
					"/Applications/JUCE/modules/juce_audio_plugin_client",
				);
				OTHER_LDFLAGS = "-bundle -lButterworth";
				OTHER_REZFLAGS = "-d ppc_$ppc -d i386_$i386 -d ppc64_$ppc64 -d x86_64_$x86_64 -I /System/Library/Frameworks/CoreServices.framework/Frameworks/CarbonCore.framework/Versions/A/Headers -I \"$(DEVELOPER_DIR)/Extras/CoreAudio/AudioUnits/AUPublic/AUBase\" -I \"$(DEVELOPER_DIR)/Platforms/MacOSX.platform/Developer/SDKs/MacOSX.sdk/System/Library/Frameworks/AudioUnit.framework/Headers\"";
				PRODUCT_BUNDLE_IDENTIFIER = com.yourcompany.Butterworth;
				PRODUCT_NAME = "Butterworth";
				USE_HEADERMAP = NO;
				VALID_ARCHS = "i386 x86_64 arm64 arm64e";
				WRAPPER_EXTENSION = component;
			};
			name = Debug;
		};
		8BB844CAC9B8E1D27003AEEC = {
			isa = XCBuildConfiguration;
			buildSettings = {
				CLANG_CXX_LANGUAGE_STANDARD = "c++14";
				CLANG_CXX_LIBRARY = "libc++";
				CLANG_LINK_OBJC_RUNTIME = NO;
				CODE_SIGN_IDENTITY = "";
				COMBINE_HIDPI_IMAGES = YES;
				CONFIGURATION_BUILD_DIR = "$(PROJECT_DIR)/build/$(CONFIGURATION)";
				DEAD_CODE_STRIPPING = YES;
				DEPLOYMENT_LOCATION = YES;
				DSTROOT = /;
				GCC_GENERATE_DEBUGGING_SYMBOLS = NO;
				GCC_OPTIMIZATION_LEVEL = 3;
				GCC_PREPROCESSOR_DEFINITIONS = (
					"_NDEBUG=1",
					"NDEBUG=1",
					"JUCER_XCODE_MAC_F6D2F4CF=1",
					"JUCE_APP_VERSION=1.0.0",
					"JUCE_APP_VERSION_HEX=0x10000",
					"JucePlugin_Build_VST=0",
					"JucePlugin_Build_VST3=0",
					"JucePlugin_Build_AU=1",
					"JucePlugin_Build_AUv3=0",
					"JucePlugin_Build_RTAS=0",
					"JucePlugin_Build_AAX=0",
					"JucePlugin_Build_Standalone=0",
					"JucePlugin_Build_Unity=0",
				);
				GCC_VERSION = com.apple.compilers.llvm.clang.1_0;
				GENERATE_PKGINFO_FILE = YES;
				HEADER_SEARCH_PATHS = (
					"/Applications/JUCE/modules/juce_audio_processors/format_types/VST3_SDK",
					"../../JuceLibraryCode",
					"/Applications/JUCE/modules",
					"/Applications/JUCE/modules/juce_audio_plugin_client",
					"$(inherited)",
				);
				INFOPLIST_FILE = Info-AU.plist;
				INFOPLIST_PREPROCESS = NO;
				INSTALL_PATH = "$(HOME)/Library/Audio/Plug-Ins/Components/";
				LIBRARY_STYLE = Bundle;
				LLVM_LTO = YES;
				MACOSX_DEPLOYMENT_TARGET = 10.11;
				MTL_HEADER_SEARCH_PATHS = (
					"/Applications/JUCE/modules/juce_audio_processors/format_types/VST3_SDK",
					"../../JuceLibraryCode",
					"/Applications/JUCE/modules",
					"/Applications/JUCE/modules/juce_audio_plugin_client",
				);
				OTHER_LDFLAGS = "-bundle -lButterworth";
				OTHER_REZFLAGS = "-d ppc_$ppc -d i386_$i386 -d ppc64_$ppc64 -d x86_64_$x86_64 -I /System/Library/Frameworks/CoreServices.framework/Frameworks/CarbonCore.framework/Versions/A/Headers -I \"$(DEVELOPER_DIR)/Extras/CoreAudio/AudioUnits/AUPublic/AUBase\" -I \"$(DEVELOPER_DIR)/Platforms/MacOSX.platform/Developer/SDKs/MacOSX.sdk/System/Library/Frameworks/AudioUnit.framework/Headers\"";
				PRODUCT_BUNDLE_IDENTIFIER = com.yourcompany.Butterworth;
				PRODUCT_NAME = "Butterworth";
				USE_HEADERMAP = NO;
				VALID_ARCHS = "i386 x86_64 arm64 arm64e";
				WRAPPER_EXTENSION = component;
			};
			name = Release;
		};
		6972FBFE329CE8C6390B83F4 = {
			isa = XCBuildConfiguration;
			buildSettings = {
				CLANG_CXX_LANGUAGE_STANDARD = "c++14";
				CLANG_CXX_LIBRARY = "libc++";
				CLANG_LINK_OBJC_RUNTIME = NO;
				CODE_SIGN_IDENTITY = "";
				COMBINE_HIDPI_IMAGES = YES;
				CONFIGURATION_BUILD_DIR = "$(PROJECT_DIR)/build/$(CONFIGURATION)";
				COPY_PHASE_STRIP = NO;
				GCC_DYNAMIC_NO_PIC = NO;
				GCC_OPTIMIZATION_LEVEL = 0;
				GCC_PREPROCESSOR_DEFINITIONS = (
					"_DEBUG=1",
					"DEBUG=1",
					"JUCER_XCODE_MAC_F6D2F4CF=1",
					"JUCE_APP_VERSION=1.0.0",
					"JUCE_APP_VERSION_HEX=0x10000",
					"JucePlugin_Build_VST=0",
					"JucePlugin_Build_VST3=0",
					"JucePlugin_Build_AU=0",
					"JucePlugin_Build_AUv3=0",
					"JucePlugin_Build_RTAS=0",
					"JucePlugin_Build_AAX=0",
					"JucePlugin_Build_Standalone=1",
					"JucePlugin_Build_Unity=0",
				);
				GCC_VERSION = com.apple.compilers.llvm.clang.1_0;
				HEADER_SEARCH_PATHS = (
					"/Applications/JUCE/modules/juce_audio_processors/format_types/VST3_SDK",
					"../../JuceLibraryCode",
					"/Applications/JUCE/modules",
					"/Applications/JUCE/modules/juce_audio_plugin_client",
					"$(inherited)",
				);
				INFOPLIST_FILE = Info-Standalone_Plugin.plist;
				INFOPLIST_PREPROCESS = NO;
				MACOSX_DEPLOYMENT_TARGET = 10.11;
				MTL_HEADER_SEARCH_PATHS = (
					"/Applications/JUCE/modules/juce_audio_processors/format_types/VST3_SDK",
					"../../JuceLibraryCode",
					"/Applications/JUCE/modules",
					"/Applications/JUCE/modules/juce_audio_plugin_client",
				);
				OTHER_LDFLAGS = "-lButterworth";
				PRODUCT_BUNDLE_IDENTIFIER = com.yourcompany.Butterworth;
				PRODUCT_NAME = "Butterworth";
				USE_HEADERMAP = NO;
				VALID_ARCHS = "i386 x86_64 arm64 arm64e";
			};
			name = Debug;
		};
		1ED3C7F9C304B6F27D3CE1AB = {
			isa = XCBuildConfiguration;
			buildSettings = {
				CLANG_CXX_LANGUAGE_STANDARD = "c++14";
				CLANG_CXX_LIBRARY = "libc++";
				CLANG_LINK_OBJC_RUNTIME = NO;
				CODE_SIGN_IDENTITY = "";
				COMBINE_HIDPI_IMAGES = YES;
				CONFIGURATION_BUILD_DIR = "$(PROJECT_DIR)/build/$(CONFIGURATION)";
				DEAD_CODE_STRIPPING = YES;
				GCC_GENERATE_DEBUGGING_SYMBOLS = NO;
				GCC_OPTIMIZATION_LEVEL = 3;
				GCC_PREPROCESSOR_DEFINITIONS = (
					"_NDEBUG=1",
					"NDEBUG=1",
					"JUCER_XCODE_MAC_F6D2F4CF=1",
					"JUCE_APP_VERSION=1.0.0",
					"JUCE_APP_VERSION_HEX=0x10000",
					"JucePlugin_Build_VST=0",
					"JucePlugin_Build_VST3=0",
					"JucePlugin_Build_AU=0",
					"JucePlugin_Build_AUv3=0",
					"JucePlugin_Build_RTAS=0",
					"JucePlugin_Build_AAX=0",
					"JucePlugin_Build_Standalone=1",
					"JucePlugin_Build_Unity=0",
				);
				GCC_VERSION = com.apple.compilers.llvm.clang.1_0;
				HEADER_SEARCH_PATHS = (
					"/Applications/JUCE/modules/juce_audio_processors/format_types/VST3_SDK",
					"../../JuceLibraryCode",
					"/Applications/JUCE/modules",
					"/Applications/JUCE/modules/juce_audio_plugin_client",
					"$(inherited)",
				);
				INFOPLIST_FILE = Info-Standalone_Plugin.plist;
				INFOPLIST_PREPROCESS = NO;
				LLVM_LTO = YES;
				MACOSX_DEPLOYMENT_TARGET = 10.11;
				MTL_HEADER_SEARCH_PATHS = (
					"/Applications/JUCE/modules/juce_audio_processors/format_types/VST3_SDK",
					"../../JuceLibraryCode",
					"/Applications/JUCE/modules",
					"/Applications/JUCE/modules/juce_audio_plugin_client",
				);
				OTHER_LDFLAGS = "-lButterworth";
				PRODUCT_BUNDLE_IDENTIFIER = com.yourcompany.Butterworth;
				PRODUCT_NAME = "Butterworth";
				USE_HEADERMAP = NO;
				VALID_ARCHS = "i386 x86_64 arm64 arm64e";
			};
			name = Release;
		};
		C9ADF8EE493AD4988B8287AD = {
			isa = XCBuildConfiguration;
			buildSettings = {
				CLANG_CXX_LANGUAGE_STANDARD = "c++14";
				CLANG_CXX_LIBRARY = "libc++";
				CLANG_LINK_OBJC_RUNTIME = NO;
				CODE_SIGN_IDENTITY = "";
				COMBINE_HIDPI_IMAGES = YES;
				CONFIGURATION_BUILD_DIR = "$(PROJECT_DIR)/build/$(CONFIGURATION)";
				COPY_PHASE_STRIP = NO;
				GCC_DYNAMIC_NO_PIC = NO;
				GCC_OPTIMIZATION_LEVEL = 0;
				GCC_PREPROCESSOR_DEFINITIONS = (
					"_DEBUG=1",
					"DEBUG=1",
					"JUCER_XCODE_MAC_F6D2F4CF=1",
					"JUCE_APP_VERSION=1.0.0",
					"JUCE_APP_VERSION_HEX=0x10000",
					"JucePlugin_Build_VST=0",
					"JucePlugin_Build_VST3=1",
					"JucePlugin_Build_AU=1",
					"JucePlugin_Build_AUv3=0",
					"JucePlugin_Build_RTAS=0",
					"JucePlugin_Build_AAX=0",
					"JucePlugin_Build_Standalone=1",
					"JucePlugin_Build_Unity=0",
					"JUCE_SHARED_CODE=1",
				);
				GCC_VERSION = com.apple.compilers.llvm.clang.1_0;
				HEADER_SEARCH_PATHS = (
					"/Applications/JUCE/modules/juce_audio_processors/format_types/VST3_SDK",
					"../../JuceLibraryCode",
					"/Applications/JUCE/modules",
					"/Applications/JUCE/modules/juce_audio_plugin_client",
					"$(inherited)",
				);
				INSTALL_PATH = "@executable_path/../Frameworks";
				MACOSX_DEPLOYMENT_TARGET = 10.11;
				MTL_HEADER_SEARCH_PATHS = (
					"/Applications/JUCE/modules/juce_audio_processors/format_types/VST3_SDK",
					"../../JuceLibraryCode",
					"/Applications/JUCE/modules",
					"/Applications/JUCE/modules/juce_audio_plugin_client",
				);
				PRODUCT_BUNDLE_IDENTIFIER = com.yourcompany.Butterworth;
				PRODUCT_NAME = "Butterworth";
				SKIP_INSTALL = YES;
				USE_HEADERMAP = NO;
				VALID_ARCHS = "i386 x86_64 arm64 arm64e";
			};
			name = Debug;
		};
		5564C860C1F68FD852ECDD32 = {
			isa = XCBuildConfiguration;
			buildSettings = {
				CLANG_CXX_LANGUAGE_STANDARD = "c++14";
				CLANG_CXX_LIBRARY = "libc++";
				CLANG_LINK_OBJC_RUNTIME = NO;
				CODE_SIGN_IDENTITY = "";
				COMBINE_HIDPI_IMAGES = YES;
				CONFIGURATION_BUILD_DIR = "$(PROJECT_DIR)/build/$(CONFIGURATION)";
				DEAD_CODE_STRIPPING = YES;
				GCC_GENERATE_DEBUGGING_SYMBOLS = NO;
				GCC_OPTIMIZATION_LEVEL = 3;
				GCC_PREPROCESSOR_DEFINITIONS = (
					"_NDEBUG=1",
					"NDEBUG=1",
					"JUCER_XCODE_MAC_F6D2F4CF=1",
					"JUCE_APP_VERSION=1.0.0",
					"JUCE_APP_VERSION_HEX=0x10000",
					"JucePlugin_Build_VST=0",
					"JucePlugin_Build_VST3=1",
					"JucePlugin_Build_AU=1",
					"JucePlugin_Build_AUv3=0",
					"JucePlugin_Build_RTAS=0",
					"JucePlugin_Build_AAX=0",
					"JucePlugin_Build_Standalone=1",
					"JucePlugin_Build_Unity=0",
					"JUCE_SHARED_CODE=1",
				);
				GCC_VERSION = com.apple.compilers.llvm.clang.1_0;
				HEADER_SEARCH_PATHS = (
					"/Applications/JUCE/modules/juce_audio_processors/format_types/VST3_SDK",
					"../../JuceLibraryCode",
					"/Applications/JUCE/modules",
					"/Applications/JUCE/modules/juce_audio_plugin_client",
					"$(inherited)",
				);
				INSTALL_PATH = "@executable_path/../Frameworks";
				LLVM_LTO = YES;
				MACOSX_DEPLOYMENT_TARGET = 10.11;
				MTL_HEADER_SEARCH_PATHS = (
					"/Applications/JUCE/modules/juce_audio_processors/format_types/VST3_SDK",
					"../../JuceLibraryCode",
					"/Applications/JUCE/modules",
					"/Applications/JUCE/modules/juce_audio_plugin_client",
				);
				PRODUCT_BUNDLE_IDENTIFIER = com.yourcompany.Butterworth;
				PRODUCT_NAME = "Butterworth";
				SKIP_INSTALL = YES;
				USE_HEADERMAP = NO;
				VALID_ARCHS = "i386 x86_64 arm64 arm64e";
			};
			name = Release;
		};
		1D5BD3B829ACC7B74C813B50 = {
			isa = XCBuildConfiguration;
			buildSettings = {
				ALWAYS_SEARCH_USER_PATHS = NO;
				CLANG_ENABLE_OBJC_WEAK = YES;
				CLANG_WARN_BLOCK_CAPTURE_AUTORELEASING = YES;
				CLANG_WARN_BOOL_CONVERSION = YES;
				CLANG_WARN_COMMA = YES;
				CLANG_WARN_CONSTANT_CONVERSION = YES;
				CLANG_WARN_DEPRECATED_OBJC_IMPLEMENTATIONS = YES;
				CLANG_WARN_EMPTY_BODY = YES;
				CLANG_WARN_ENUM_CONVERSION = YES;
				CLANG_WARN_INFINITE_RECURSION = YES;
				CLANG_WARN_INT_CONVERSION = YES;
				CLANG_WARN_NON_LITERAL_NULL_CONVERSION = YES;
				CLANG_WARN_OBJC_IMPLICIT_RETAIN_SELF = YES;
				CLANG_WARN_OBJC_LITERAL_CONVERSION = YES;
				CLANG_WARN_RANGE_LOOP_ANALYSIS = YES;
				CLANG_WARN_STRICT_PROTOTYPES = YES;
				CLANG_WARN_SUSPICIOUS_MOVE = YES;
				CLANG_WARN_UNREACHABLE_CODE = YES;
				CLANG_WARN__DUPLICATE_METHOD_MATCH = YES;
				CODE_SIGN_IDENTITY = "";
				DEBUG_INFORMATION_FORMAT = dwarf;
				ENABLE_STRICT_OBJC_MSGSEND = YES;
				ENABLE_TESTABILITY = NO;
				GCC_C_LANGUAGE_STANDARD = c11;
				GCC_INLINES_ARE_PRIVATE_EXTERN = YES;
				GCC_MODEL_TUNING = G5;
				GCC_NO_COMMON_BLOCKS = YES;
				GCC_SYMBOLS_PRIVATE_EXTERN = YES;
				GCC_WARN_64_TO_32_BIT_CONVERSION = YES;
				GCC_WARN_ABOUT_RETURN_TYPE = YES;
				GCC_WARN_CHECK_SWITCH_STATEMENTS = YES;
				GCC_WARN_MISSING_PARENTHESES = YES;
				GCC_WARN_NON_VIRTUAL_DESTRUCTOR = YES;
				GCC_WARN_TYPECHECK_CALLS_TO_PRINTF = YES;
				GCC_WARN_UNDECLARED_SELECTOR = YES;
				GCC_WARN_UNINITIALIZED_AUTOS = YES;
				GCC_WARN_UNUSED_FUNCTION = YES;
				GCC_WARN_UNUSED_VARIABLE = YES;
				ONLY_ACTIVE_ARCH = YES;
				PRODUCT_NAME = "Butterworth";
				SDKROOT = macosx;
				WARNING_CFLAGS = "-Wreorder";
				ZERO_LINK = NO;
			};
			name = Debug;
		};
		0D4774AAF1960665608B6B0F = {
			isa = XCBuildConfiguration;
			buildSettings = {
				ALWAYS_SEARCH_USER_PATHS = NO;
				CLANG_ENABLE_OBJC_WEAK = YES;
				CLANG_WARN_BLOCK_CAPTURE_AUTORELEASING = YES;
				CLANG_WARN_BOOL_CONVERSION = YES;
				CLANG_WARN_COMMA = YES;
				CLANG_WARN_CONSTANT_CONVERSION = YES;
				CLANG_WARN_DEPRECATED_OBJC_IMPLEMENTATIONS = YES;
				CLANG_WARN_EMPTY_BODY = YES;
				CLANG_WARN_ENUM_CONVERSION = YES;
				CLANG_WARN_INFINITE_RECURSION = YES;
				CLANG_WARN_INT_CONVERSION = YES;
				CLANG_WARN_NON_LITERAL_NULL_CONVERSION = YES;
				CLANG_WARN_OBJC_IMPLICIT_RETAIN_SELF = YES;
				CLANG_WARN_OBJC_LITERAL_CONVERSION = YES;
				CLANG_WARN_RANGE_LOOP_ANALYSIS = YES;
				CLANG_WARN_STRICT_PROTOTYPES = YES;
				CLANG_WARN_SUSPICIOUS_MOVE = YES;
				CLANG_WARN_UNREACHABLE_CODE = YES;
				CLANG_WARN__DUPLICATE_METHOD_MATCH = YES;
				CODE_SIGN_IDENTITY = "";
				DEBUG_INFORMATION_FORMAT = dwarf;
				ENABLE_STRICT_OBJC_MSGSEND = YES;
				ENABLE_TESTABILITY = NO;
				GCC_C_LANGUAGE_STANDARD = c11;
				GCC_INLINES_ARE_PRIVATE_EXTERN = YES;
				GCC_MODEL_TUNING = G5;
				GCC_NO_COMMON_BLOCKS = YES;
				GCC_SYMBOLS_PRIVATE_EXTERN = YES;
				GCC_WARN_64_TO_32_BIT_CONVERSION = YES;
				GCC_WARN_ABOUT_RETURN_TYPE = YES;
				GCC_WARN_CHECK_SWITCH_STATEMENTS = YES;
				GCC_WARN_MISSING_PARENTHESES = YES;
				GCC_WARN_NON_VIRTUAL_DESTRUCTOR = YES;
				GCC_WARN_TYPECHECK_CALLS_TO_PRINTF = YES;
				GCC_WARN_UNDECLARED_SELECTOR = YES;
				GCC_WARN_UNINITIALIZED_AUTOS = YES;
				GCC_WARN_UNUSED_FUNCTION = YES;
				GCC_WARN_UNUSED_VARIABLE = YES;
				PRODUCT_NAME = "Butterworth";
				SDKROOT = macosx;
				WARNING_CFLAGS = "-Wreorder";
				ZERO_LINK = NO;
			};
			name = Release;
		};
		3AD7270446520E3093942312 = {
			isa = XCConfigurationList;
			buildConfigurations = (
				1D5BD3B829ACC7B74C813B50,
				0D4774AAF1960665608B6B0F,
			);
			defaultConfigurationIsVisible = 0;
			defaultConfigurationName = Debug;
		};
		4FC4042491CDD0F7AB88CFE9 = {
			isa = XCConfigurationList;
			buildConfigurations = (
				7514A27D0303FB6DF6C33A95,
				F4CA8B8FA073E219B670E472,
			);
			defaultConfigurationIsVisible = 0;
			defaultConfigurationName = Debug;
		};
		E9B46FDE97B6527C5E4F3B47 = {
			isa = PBXAggregateTarget;
			buildConfigurationList = 4FC4042491CDD0F7AB88CFE9;
			buildPhases = ( );
			buildRules = ( );
			dependencies = (
				F97D064237B2C01D9C404586,
				DA2D9F9BCC9720586F6FD4AB,
				B9648234D19EF2F047708CA4,
				3420253FEAD75F2943D4C06B,
			);
			name = "Butterworth - All";
			productName = Butterworth;
		};
		62FAF49CEC0E93BA5CDBFC5B = {
			isa = XCConfigurationList;
			buildConfigurations = (
				9A19FD23DDA1CBC750539C3C,
				BF764AFCE14BBF7BB81BE672,
			);
			defaultConfigurationIsVisible = 0;
			defaultConfigurationName = Debug;
		};
		BCC2BA6636925FD6FB8AFABC = {
			isa = PBXResourcesBuildPhase;
			buildActionMask = 2147483647;
			files = (
				0C7B6DB5988740B4E2438041,
			);
			runOnlyForDeploymentPostprocessing = 0;
		};
		E60F4B31AB27F3BFA711CBD9 = {
			isa = PBXSourcesBuildPhase;
			buildActionMask = 2147483647;
			files = (
				E77A5B35ECDB764D85DFA2E4,
			);
			runOnlyForDeploymentPostprocessing = 0;
		};
		E8D99CA502C0D19CA30D3B3A = {
			isa = PBXFrameworksBuildPhase;
			buildActionMask = 2147483647;
			files = (
				39E03C7A9526BD609FC01144,
				9256836EA0EAC7A9CDFC2A20,
				E919B47CA31F9E1ECC5F5A92,
				139878F92DF5536DE6A25AEF,
				8987A6C449C854F3A548C174,
				F4B86D8179FC51E562C1F5C3,
				BCB394518F17CC81E43B4FC2,
				5A4B971E3FD9BA7CA70B20C5,
				3BCD52298DF0FC3A17E33413,
				C737BE43D4F79E05E988709C,
				6C77DB97B3769E6D02C48CDF,
				18DD653E2F5810DBA8A17D23,
				9526DF21CF7BD9571A240766,
			);
			runOnlyForDeploymentPostprocessing = 0;
		};
		40571EE19E3F8467E5656FED = {
			isa = PBXNativeTarget;
			buildConfigurationList = 62FAF49CEC0E93BA5CDBFC5B;
			buildPhases = (
				BCC2BA6636925FD6FB8AFABC,
				E60F4B31AB27F3BFA711CBD9,
				E8D99CA502C0D19CA30D3B3A,
			);
			buildRules = ( );
			dependencies = (
				6ECF76C4350596684414128A,
			);
			name = "Butterworth - VST3";
			productName = Butterworth;
			productReference = 19C8B5ACD7BB933DCDFBEBE9;
			productType = "com.apple.product-type.bundle";
		};
		A520C5FF015DF391191E280E = {
			isa = XCConfigurationList;
			buildConfigurations = (
				B4E8E084F38634DBB1E08B24,
				8BB844CAC9B8E1D27003AEEC,
			);
			defaultConfigurationIsVisible = 0;
			defaultConfigurationName = Debug;
		};
		2795C87F3DE4B9FE5AC492BC = {
			isa = PBXResourcesBuildPhase;
			buildActionMask = 2147483647;
			files = (
				0C7B6DB5988740B4E2438041,
			);
			runOnlyForDeploymentPostprocessing = 0;
		};
		B973C2F1256ED5D590E19608 = {
			isa = PBXRezBuildPhase;
			buildActionMask = 2147483647;
			files = (
				570320F777C03B83419C00EC,
			);
			runOnlyForDeploymentPostprocessing = 0;
		};
		004A0681CA6BA9BB3E0E0D56 = {
			isa = PBXSourcesBuildPhase;
			buildActionMask = 2147483647;
			files = (
				513CEA3717257BB190716980,
				C69A72C3BDEDBB974569DC3E,
			);
			runOnlyForDeploymentPostprocessing = 0;
		};
		BAE05B154F29E2287D796AF0 = {
			isa = PBXFrameworksBuildPhase;
			buildActionMask = 2147483647;
			files = (
				8F0D4DBE904176FAB590898A,
				39E03C7A9526BD609FC01144,
				9256836EA0EAC7A9CDFC2A20,
				E919B47CA31F9E1ECC5F5A92,
				139878F92DF5536DE6A25AEF,
				8987A6C449C854F3A548C174,
				F4B86D8179FC51E562C1F5C3,
				BCB394518F17CC81E43B4FC2,
				5A4B971E3FD9BA7CA70B20C5,
				3BCD52298DF0FC3A17E33413,
				C737BE43D4F79E05E988709C,
				6C77DB97B3769E6D02C48CDF,
				18DD653E2F5810DBA8A17D23,
				9526DF21CF7BD9571A240766,
			);
			runOnlyForDeploymentPostprocessing = 0;
		};
		8FD8B4854932D140FB1C1195 = {
			isa = PBXNativeTarget;
			buildConfigurationList = A520C5FF015DF391191E280E;
			buildPhases = (
				2795C87F3DE4B9FE5AC492BC,
				B973C2F1256ED5D590E19608,
				004A0681CA6BA9BB3E0E0D56,
				BAE05B154F29E2287D796AF0,
			);
			buildRules = ( );
			dependencies = (
				EED5D0CC69A16BBE2926FDFC,
			);
			name = "Butterworth - AU";
			productName = Butterworth;
			productReference = 2FFEC920681855018A5E3DC7;
			productType = "com.apple.product-type.bundle";
		};
		260731693C80E27FAE4B69DB = {
			isa = XCConfigurationList;
			buildConfigurations = (
				6972FBFE329CE8C6390B83F4,
				1ED3C7F9C304B6F27D3CE1AB,
			);
			defaultConfigurationIsVisible = 0;
			defaultConfigurationName = Debug;
		};
		51B7B9613735BEE3D7637C33 = {
			isa = PBXResourcesBuildPhase;
			buildActionMask = 2147483647;
			files = (
				0C7B6DB5988740B4E2438041,
			);
			runOnlyForDeploymentPostprocessing = 0;
		};
		DDD4A4453675E1DAEF090417 = {
			isa = PBXSourcesBuildPhase;
			buildActionMask = 2147483647;
			files = (
				6BB9896DD58802AE4B4E635D,
			);
			runOnlyForDeploymentPostprocessing = 0;
		};
		991D64F103DE657503F668E3 = {
			isa = PBXFrameworksBuildPhase;
			buildActionMask = 2147483647;
			files = (
				39E03C7A9526BD609FC01144,
				9256836EA0EAC7A9CDFC2A20,
				E919B47CA31F9E1ECC5F5A92,
				139878F92DF5536DE6A25AEF,
				8987A6C449C854F3A548C174,
				F4B86D8179FC51E562C1F5C3,
				BCB394518F17CC81E43B4FC2,
				5A4B971E3FD9BA7CA70B20C5,
				3BCD52298DF0FC3A17E33413,
				C737BE43D4F79E05E988709C,
				6C77DB97B3769E6D02C48CDF,
				18DD653E2F5810DBA8A17D23,
				9526DF21CF7BD9571A240766,
			);
			runOnlyForDeploymentPostprocessing = 0;
		};
		39455A4573723BFC7DDD9576 = {
			isa = PBXNativeTarget;
			buildConfigurationList = 260731693C80E27FAE4B69DB;
			buildPhases = (
				51B7B9613735BEE3D7637C33,
				DDD4A4453675E1DAEF090417,
				991D64F103DE657503F668E3,
			);
			buildRules = ( );
			dependencies = (
				D66EE2D521DBE47372798480,
			);
			name = "Butterworth - Standalone Plugin";
			productName = Butterworth;
			productReference = F049DA6EBBC036EC4A737281;
			productType = "com.apple.product-type.application";
		};
		DCA8290AA3F1619A139B039A = {
			isa = XCConfigurationList;
			buildConfigurations = (
				C9ADF8EE493AD4988B8287AD,
				5564C860C1F68FD852ECDD32,
			);
			defaultConfigurationIsVisible = 0;
			defaultConfigurationName = Debug;
		};
		19CB861C7DD7683336C3F154 = {
			isa = PBXSourcesBuildPhase;
			buildActionMask = 2147483647;
			files = (
				557ADF81DF93543BC163F6D0,
				8B0FC50D62FEABC066463490,
				6EFFA08DC6505A8FD590502D,
				7DD733B897008DEEA9C15E8F,
				892EC68F4A163226ABE13E56,
				5528F48CF547D08885CF94CA,
				3CF963F88DF3EC0E1D08AF27,
				BAACB75E1301D88F598D592E,
				4AB314A96D6EF15C4E93291E,
				A824DE6E572EB8B98AE57A09,
				B635388E6F4F15E6CAA8F4E9,
				1F6F5EF6DF785A48139B701B,
				C9B44E05EE3301C6A8F6ECA2,
				D78B508EB4DCA09B5D39E460,
				CFC1E61BE330626A10FE4F7E,
				BC4FF3151081B1C7C4BAD463,
				A789787BDDAB41A40BC7FD68,
			);
			runOnlyForDeploymentPostprocessing = 0;
		};
		BF48A4060E3708B695A37FCF = {
			isa = PBXNativeTarget;
			buildConfigurationList = DCA8290AA3F1619A139B039A;
			buildPhases = (
				19CB861C7DD7683336C3F154,
			);
			buildRules = ( );
			dependencies = ( );
			name = "Butterworth - Shared Code";
			productName = Butterworth;
			productReference = A38129F16D66F5455DCF0BD8;
			productType = "com.apple.product-type.library.static";
		};
		8A8B6D6888AE495A0BE361A8 = {
			isa = PBXProject;
			buildConfigurationList = 3AD7270446520E3093942312;
			attributes = { LastUpgradeCheck = 1200; ORGANIZATIONNAME = ""; TargetAttributes = { E9B46FDE97B6527C5E4F3B47 = { SystemCapabilities = {com.apple.ApplicationGroups.iOS = { enabled = 0; }; com.apple.InAppPurchase = { enabled = 0; }; com.apple.InterAppAudio = { enabled = 0; }; com.apple.Push = { enabled = 0; }; com.apple.Sandbox = { enabled = 0; }; com.apple.HardenedRuntime = { enabled = 0; }; }; };40571EE19E3F8467E5656FED = { SystemCapabilities = {com.apple.ApplicationGroups.iOS = { enabled = 0; }; com.apple.InAppPurchase = { enabled = 0; }; com.apple.InterAppAudio = { enabled = 0; }; com.apple.Push = { enabled = 0; }; com.apple.Sandbox = { enabled = 0; }; com.apple.HardenedRuntime = { enabled = 0; }; }; };8FD8B4854932D140FB1C1195 = { SystemCapabilities = {com.apple.ApplicationGroups.iOS = { enabled = 0; }; com.apple.InAppPurchase = { enabled = 0; }; com.apple.InterAppAudio = { enabled = 0; }; com.apple.Push = { enabled = 0; }; com.apple.Sandbox = { enabled = 0; }; com.apple.HardenedRuntime = { enabled = 0; }; }; };39455A4573723BFC7DDD9576 = { SystemCapabilities = {com.apple.ApplicationGroups.iOS = { enabled = 0; }; com.apple.InAppPurchase = { enabled = 0; }; com.apple.InterAppAudio = { enabled = 0; }; com.apple.Push = { enabled = 0; }; com.apple.Sandbox = { enabled = 0; }; com.apple.HardenedRuntime = { enabled = 0; }; }; };BF48A4060E3708B695A37FCF = { SystemCapabilities = {com.apple.ApplicationGroups.iOS = { enabled = 0; }; com.apple.InAppPurchase = { enabled = 0; }; com.apple.InterAppAudio = { enabled = 0; }; com.apple.Push = { enabled = 0; }; com.apple.Sandbox = { enabled = 0; }; com.apple.HardenedRuntime = { enabled = 0; }; }; }; }; };
			compatibilityVersion = "Xcode 3.2";
			hasScannedForEncodings = 0;
			mainGroup = 11D0BDB71E546C08C900E83D;
			projectDirPath = "";
			projectRoot = "";
			targets = (E9B46FDE97B6527C5E4F3B47, 40571EE19E3F8467E5656FED, 8FD8B4854932D140FB1C1195, 39455A4573723BFC7DDD9576, BF48A4060E3708B695A37FCF);
			knownRegions = (en, Base);
		};
	};
	rootObject = 8A8B6D6888AE495A0BE361A8;
}
